
Microsoft Visual Studio Solution File, Format Version 12.00
# Visual Studio 14
VisualStudioVersion = 14.0.25420.1
MinimumVisualStudioVersion = 10.0.40219.1
Project("{E24C65DC-7377-472B-9ABA-BC803B73C61A}") = "ueditorDemo", ".", "{F53BC808-2E01-44DD-A4D8-52E7E90F8F21}"
	ProjectSection(WebsiteProperties) = preProject
		TargetFrameworkMoniker = ".NETFramework,Version%3Dv4.5.2"
		Debug.AspNetCompiler.VirtualPath = "/localhost_10581"
		Debug.AspNetCompiler.PhysicalPath = "..\ueditorDemo\"
		Debug.AspNetCompiler.TargetPath = "PrecompiledWeb\localhost_10581\"
		Debug.AspNetCompiler.Updateable = "true"
		Debug.AspNetCompiler.ForceOverwrite = "true"
		Debug.AspNetCompiler.FixedNames = "false"
		Debug.AspNetCompiler.Debug = "True"
		Release.AspNetCompiler.VirtualPath = "/localhost_10581"
		Release.AspNetCompiler.PhysicalPath = "..\ueditorDemo\"
		Release.AspNetCompiler.TargetPath = "PrecompiledWeb\localhost_10581\"
		Release.AspNetCompiler.Updateable = "true"
		Release.AspNetCompiler.ForceOverwrite = "true"
		Release.AspNetCompiler.FixedNames = "false"
		Release.AspNetCompiler.Debug = "False"
		VWDPort = "10581"
		SlnRelativePath = "..\ueditorDemo\"
	EndProjectSection
EndProject
Global
	GlobalSection(SolutionConfigurationPlatforms) = preSolution
		Debug|Any CPU = Debug|Any CPU
	EndGlobalSection
	GlobalSection(ProjectConfigurationPlatforms) = postSolution
		{F53BC808-2E01-44DD-A4D8-52E7E90F8F21}.Debug|Any CPU.ActiveCfg = Debug|Any CPU
		{F53BC808-2E01-44DD-A4D8-52E7E90F8F21}.Debug|Any CPU.Build.0 = Debug|Any CPU
	EndGlobalSection
	GlobalSection(SolutionProperties) = preSolution
		HideSolutionNode = FALSE
	EndGlobalSection
EndGlobal
